{
  "object": {
    "pins": [
      {
        "package": "SnapshotTesting",
        "repositoryURL": "https://github.com/pointfreeco/swift-snapshot-testing.git",
        "state": {
          "branch": null,
          "revision": "c466812aa2e22898f27557e2e780d3aad7a27203",
          "version": "1.8.2"
        }
      },
      {
        "package": "ThreadSafe",
        "repositoryURL": "https://github.com/grsouza/swift-threadsafe.git",
        "state": {
          "branch": null,
          "revision": "cc3cf8063aa6f6725a6c2f832202641127f0b91f",
          "version": "1.0.0"
        }
      },
      {
        "package": "Weak",
        "repositoryURL": "https://github.com/grsouza/swift-weak.git",
        "state": {
          "branch": null,
          "revision": "1b17fa7dd68882c96c9e04e501ab70046128c708",
          "version": "0.1.0"
        }
      },
      {
        "package": "TinyConstraints",
        "repositoryURL": "https://github.com/roberthein/TinyConstraints",
        "state": {
          "branch": null,
          "revision": "f413ea53b886de81b925eeb37a14538fe6ae4912",
          "version": "4.0.1"
        }
      }
    ]
  },
  "version": 1
}
